
Microsoft Visual Studio Solution File, Format Version 12.00
# Visual Studio Version 17
VisualStudioVersion = 17.4.33213.308
MinimumVisualStudioVersion = 10.0.40219.1
Project("{FAE04EC0-301F-11D3-BF4B-00C04F79EFBC}") = "Same Tree", "Same Tree\Same Tree.csproj", "{8ED8C4EB-B9D7-4504-A9A2-2482A0D2470B}"
EndProject
Global
	GlobalSection(SolutionConfigurationPlatforms) = preSolution
		Debug|Any CPU = Debug|Any CPU
		Release|Any CPU = Release|Any CPU
	EndGlobalSection
	GlobalSection(ProjectConfigurationPlatforms) = postSolution
		{8ED8C4EB-B9D7-4504-A9A2-2482A0D2470B}.Debug|Any CPU.ActiveCfg = Debug|Any CPU
		{8ED8C4EB-B9D7-4504-A9A2-2482A0D2470B}.Debug|Any CPU.Build.0 = Debug|Any CPU
		{8ED8C4EB-B9D7-4504-A9A2-2482A0D2470B}.Release|Any CPU.ActiveCfg = Release|Any CPU
		{8ED8C4EB-B9D7-4504-A9A2-2482A0D2470B}.Release|Any CPU.Build.0 = Release|Any CPU
	EndGlobalSection
	GlobalSection(SolutionProperties) = preSolution
		HideSolutionNode = FALSE
	EndGlobalSection
	GlobalSection(ExtensibilityGlobals) = postSolution
		SolutionGuid = {28AAA092-A169-43E6-836A-8E68E681C3B4}
	EndGlobalSection
EndGlobal
