
Microsoft Visual Studio Solution File, Format Version 12.00
# Visual Studio Version 17
VisualStudioVersion = 17.4.33213.308
MinimumVisualStudioVersion = 10.0.40219.1
Project("{FAE04EC0-301F-11D3-BF4B-00C04F79EFBC}") = "Happy Number", "Happy Number\Happy Number.csproj", "{6E7926C8-3B23-4140-9B03-DBF202D19EBA}"
EndProject
Global
	GlobalSection(SolutionConfigurationPlatforms) = preSolution
		Debug|Any CPU = Debug|Any CPU
		Release|Any CPU = Release|Any CPU
	EndGlobalSection
	GlobalSection(ProjectConfigurationPlatforms) = postSolution
		{6E7926C8-3B23-4140-9B03-DBF202D19EBA}.Debug|Any CPU.ActiveCfg = Debug|Any CPU
		{6E7926C8-3B23-4140-9B03-DBF202D19EBA}.Debug|Any CPU.Build.0 = Debug|Any CPU
		{6E7926C8-3B23-4140-9B03-DBF202D19EBA}.Release|Any CPU.ActiveCfg = Release|Any CPU
		{6E7926C8-3B23-4140-9B03-DBF202D19EBA}.Release|Any CPU.Build.0 = Release|Any CPU
	EndGlobalSection
	GlobalSection(SolutionProperties) = preSolution
		HideSolutionNode = FALSE
	EndGlobalSection
	GlobalSection(ExtensibilityGlobals) = postSolution
		SolutionGuid = {B6BAF117-6472-480C-991E-218EB818C859}
	EndGlobalSection
EndGlobal
