
Microsoft Visual Studio Solution File, Format Version 12.00
# Visual Studio Version 17
VisualStudioVersion = 17.4.33213.308
MinimumVisualStudioVersion = 10.0.40219.1
Project("{FAE04EC0-301F-11D3-BF4B-00C04F79EFBC}") = "Sqrt(x)", "Sqrt(x)\Sqrt(x).csproj", "{D5FAEAAD-4BC4-4411-8EA6-D955920190A4}"
EndProject
Global
	GlobalSection(SolutionConfigurationPlatforms) = preSolution
		Debug|Any CPU = Debug|Any CPU
		Release|Any CPU = Release|Any CPU
	EndGlobalSection
	GlobalSection(ProjectConfigurationPlatforms) = postSolution
		{D5FAEAAD-4BC4-4411-8EA6-D955920190A4}.Debug|Any CPU.ActiveCfg = Debug|Any CPU
		{D5FAEAAD-4BC4-4411-8EA6-D955920190A4}.Debug|Any CPU.Build.0 = Debug|Any CPU
		{D5FAEAAD-4BC4-4411-8EA6-D955920190A4}.Release|Any CPU.ActiveCfg = Release|Any CPU
		{D5FAEAAD-4BC4-4411-8EA6-D955920190A4}.Release|Any CPU.Build.0 = Release|Any CPU
	EndGlobalSection
	GlobalSection(SolutionProperties) = preSolution
		HideSolutionNode = FALSE
	EndGlobalSection
	GlobalSection(ExtensibilityGlobals) = postSolution
		SolutionGuid = {BA7372F1-FEEA-42C2-8B24-40194E116892}
	EndGlobalSection
EndGlobal
